
Microsoft Visual Studio Solution File, Format Version 12.00
# Visual Studio Version 16
VisualStudioVersion = 16.0.31702.278
MinimumVisualStudioVersion = 10.0.40219.1
Project("{9A19103F-16F7-4668-BE54-9A1E7A4F7556}") = "XTramileTest", "XTramileTest\XTramileTest.csproj", "{EC5BD1E7-2115-47B1-A564-C30C2DD9054A}"
EndProject
Project("{FAE04EC0-301F-11D3-BF4B-00C04F79EFBC}") = "XTraileTest.NUnitTest", "XTraileTest.NUnitTest\XTraileTest.NUnitTest.csproj", "{8EDCA4C7-5C18-4CCD-9B9C-F3CE247339A7}"
EndProject
Global
	GlobalSection(SolutionConfigurationPlatforms) = preSolution
		Debug|Any CPU = Debug|Any CPU
		Release|Any CPU = Release|Any CPU
	EndGlobalSection
	GlobalSection(ProjectConfigurationPlatforms) = postSolution
		{EC5BD1E7-2115-47B1-A564-C30C2DD9054A}.Debug|Any CPU.ActiveCfg = Debug|Any CPU
		{EC5BD1E7-2115-47B1-A564-C30C2DD9054A}.Debug|Any CPU.Build.0 = Debug|Any CPU
		{EC5BD1E7-2115-47B1-A564-C30C2DD9054A}.Release|Any CPU.ActiveCfg = Release|Any CPU
		{EC5BD1E7-2115-47B1-A564-C30C2DD9054A}.Release|Any CPU.Build.0 = Release|Any CPU
		{8EDCA4C7-5C18-4CCD-9B9C-F3CE247339A7}.Debug|Any CPU.ActiveCfg = Debug|Any CPU
		{8EDCA4C7-5C18-4CCD-9B9C-F3CE247339A7}.Debug|Any CPU.Build.0 = Debug|Any CPU
		{8EDCA4C7-5C18-4CCD-9B9C-F3CE247339A7}.Release|Any CPU.ActiveCfg = Release|Any CPU
		{8EDCA4C7-5C18-4CCD-9B9C-F3CE247339A7}.Release|Any CPU.Build.0 = Release|Any CPU
	EndGlobalSection
	GlobalSection(SolutionProperties) = preSolution
		HideSolutionNode = FALSE
	EndGlobalSection
	GlobalSection(ExtensibilityGlobals) = postSolution
		SolutionGuid = {830A8B51-642F-48CD-929E-5091C5792133}
	EndGlobalSection
EndGlobal
